
Microsoft Visual Studio Solution File, Format Version 12.00
# Visual Studio 15
VisualStudioVersion = 15.0.26228.4
MinimumVisualStudioVersion = 10.0.40219.1
Project("{FAE04EC0-301F-11D3-BF4B-00C04F79EFBC}") = "Assignment2_OOP", "Assignment2_OOP\Assignment2_OOP.csproj", "{8F18EB3F-E2F8-45BB-AC69-48DEB6D2FD77}"
EndProject
Global
	GlobalSection(SolutionConfigurationPlatforms) = preSolution
		Debug|Any CPU = Debug|Any CPU
		Release|Any CPU = Release|Any CPU
	EndGlobalSection
	GlobalSection(ProjectConfigurationPlatforms) = postSolution
		{8F18EB3F-E2F8-45BB-AC69-48DEB6D2FD77}.Debug|Any CPU.ActiveCfg = Debug|Any CPU
		{8F18EB3F-E2F8-45BB-AC69-48DEB6D2FD77}.Debug|Any CPU.Build.0 = Debug|Any CPU
		{8F18EB3F-E2F8-45BB-AC69-48DEB6D2FD77}.Release|Any CPU.ActiveCfg = Release|Any CPU
		{8F18EB3F-E2F8-45BB-AC69-48DEB6D2FD77}.Release|Any CPU.Build.0 = Release|Any CPU
	EndGlobalSection
	GlobalSection(SolutionProperties) = preSolution
		HideSolutionNode = FALSE
	EndGlobalSection
EndGlobal
